PODS:
  - Flutter (1.0.0)
  - flutter_secure_storage (6.0.0):
    - Flutter
  - local_auth_darwin (0.0.1):
    - Flutter
    - FlutterMacOS

DEPENDENCIES:
  - Flutter (from `Flutter`)
  - flutter_secure_storage (from `.symlinks/plugins/flutter_secure_storage/ios`)
  - local_auth_darwin (from `.symlinks/plugins/local_auth_darwin/darwin`)

EXTERNAL SOURCES:
  Flutter:
    :path: Flutter
  flutter_secure_storage:
    :path: ".symlinks/plugins/flutter_secure_storage/ios"
  local_auth_darwin:
    :path: ".symlinks/plugins/local_auth_darwin/darwin"

SPEC CHECKSUMS:
  Flutter: cabc95a1d2626b1b06e7179b784ebcf0c0cde467
  flutter_secure_storage: d33dac7ae2ea08509be337e775f6b59f1ff45f12
  local_auth_darwin: 63c73d6d28cc3e239be2b6aa460ea6e317cd5100

PODFILE CHECKSUM: 251cb053df7158f337c0712f2ab29f4e0fa474ce

COCOAPODS: 1.16.2
